
Microsoft Visual Studio Solution File, Format Version 12.00
# Visual Studio Version 17
VisualStudioVersion = 17.4.33403.182
MinimumVisualStudioVersion = 10.0.40219.1
Project("{FAE04EC0-301F-11D3-BF4B-00C04F79EFBC}") = "CAP6EX03", "CAP6EX03\CAP6EX03.csproj", "{3B44B18F-957E-4307-9C32-4DF2950421B8}"
EndProject
Global
	GlobalSection(SolutionConfigurationPlatforms) = preSolution
		Debug|Any CPU = Debug|Any CPU
		Release|Any CPU = Release|Any CPU
	EndGlobalSection
	GlobalSection(ProjectConfigurationPlatforms) = postSolution
		{3B44B18F-957E-4307-9C32-4DF2950421B8}.Debug|Any CPU.ActiveCfg = Debug|Any CPU
		{3B44B18F-957E-4307-9C32-4DF2950421B8}.Debug|Any CPU.Build.0 = Debug|Any CPU
		{3B44B18F-957E-4307-9C32-4DF2950421B8}.Release|Any CPU.ActiveCfg = Release|Any CPU
		{3B44B18F-957E-4307-9C32-4DF2950421B8}.Release|Any CPU.Build.0 = Release|Any CPU
	EndGlobalSection
	GlobalSection(SolutionProperties) = preSolution
		HideSolutionNode = FALSE
	EndGlobalSection
	GlobalSection(ExtensibilityGlobals) = postSolution
		SolutionGuid = {7B4BA38F-E5AB-4BFE-9EB4-B08685FD2B34}
	EndGlobalSection
EndGlobal
