
Microsoft Visual Studio Solution File, Format Version 12.00
# Visual Studio Version 17
VisualStudioVersion = 17.4.33403.182
MinimumVisualStudioVersion = 10.0.40219.1
Project("{FAE04EC0-301F-11D3-BF4B-00C04F79EFBC}") = "CAP6EX07", "CAP6EX07\CAP6EX07.csproj", "{BE5DF4E4-0A93-4F90-9B69-158149E86F2F}"
EndProject
Global
	GlobalSection(SolutionConfigurationPlatforms) = preSolution
		Debug|Any CPU = Debug|Any CPU
		Release|Any CPU = Release|Any CPU
	EndGlobalSection
	GlobalSection(ProjectConfigurationPlatforms) = postSolution
		{BE5DF4E4-0A93-4F90-9B69-158149E86F2F}.Debug|Any CPU.ActiveCfg = Debug|Any CPU
		{BE5DF4E4-0A93-4F90-9B69-158149E86F2F}.Debug|Any CPU.Build.0 = Debug|Any CPU
		{BE5DF4E4-0A93-4F90-9B69-158149E86F2F}.Release|Any CPU.ActiveCfg = Release|Any CPU
		{BE5DF4E4-0A93-4F90-9B69-158149E86F2F}.Release|Any CPU.Build.0 = Release|Any CPU
	EndGlobalSection
	GlobalSection(SolutionProperties) = preSolution
		HideSolutionNode = FALSE
	EndGlobalSection
	GlobalSection(ExtensibilityGlobals) = postSolution
		SolutionGuid = {3DF405F0-864D-4EE2-8524-E7EA8506B5AD}
	EndGlobalSection
EndGlobal
