
Microsoft Visual Studio Solution File, Format Version 12.00
# Visual Studio Version 17
VisualStudioVersion = 17.4.33403.182
MinimumVisualStudioVersion = 10.0.40219.1
Project("{FAE04EC0-301F-11D3-BF4B-00C04F79EFBC}") = "CAP4EX01", "CAP4EX01\CAP4EX01.csproj", "{8F68785F-F326-4620-86C4-C6A4414F7165}"
EndProject
Global
	GlobalSection(SolutionConfigurationPlatforms) = preSolution
		Debug|Any CPU = Debug|Any CPU
		Release|Any CPU = Release|Any CPU
	EndGlobalSection
	GlobalSection(ProjectConfigurationPlatforms) = postSolution
		{8F68785F-F326-4620-86C4-C6A4414F7165}.Debug|Any CPU.ActiveCfg = Debug|Any CPU
		{8F68785F-F326-4620-86C4-C6A4414F7165}.Debug|Any CPU.Build.0 = Debug|Any CPU
		{8F68785F-F326-4620-86C4-C6A4414F7165}.Release|Any CPU.ActiveCfg = Release|Any CPU
		{8F68785F-F326-4620-86C4-C6A4414F7165}.Release|Any CPU.Build.0 = Release|Any CPU
	EndGlobalSection
	GlobalSection(SolutionProperties) = preSolution
		HideSolutionNode = FALSE
	EndGlobalSection
	GlobalSection(ExtensibilityGlobals) = postSolution
		SolutionGuid = {0A8728CF-8DE6-404A-A846-E7E4492C57B9}
	EndGlobalSection
EndGlobal
